
Microsoft Visual Studio Solution File, Format Version 12.00
# Visual Studio 15
Project("{FAE04EC0-301F-11D3-BF4B-00C04F79EFBC}") = "Assembly-CSharp", "Assembly-CSharp.csproj", "{DC54CFD4-E7C2-FA1F-597B-8CA42ED7708A}"
EndProject
Project("{FAE04EC0-301F-11D3-BF4B-00C04F79EFBC}") = "Assembly-CSharp-Editor", "Assembly-CSharp-Editor.csproj", "{319E903D-38C1-7FBC-1131-C84C388491B6}"
EndProject
Global
	GlobalSection(SolutionConfigurationPlatforms) = preSolution
		Debug|Any CPU = Debug|Any CPU
		Release|Any CPU = Release|Any CPU
	EndGlobalSection
	GlobalSection(ProjectConfigurationPlatforms) = postSolution
		{DC54CFD4-E7C2-FA1F-597B-8CA42ED7708A}.Debug|Any CPU.ActiveCfg = Debug|Any CPU
		{DC54CFD4-E7C2-FA1F-597B-8CA42ED7708A}.Debug|Any CPU.Build.0 = Debug|Any CPU
		{DC54CFD4-E7C2-FA1F-597B-8CA42ED7708A}.Release|Any CPU.ActiveCfg = Release|Any CPU
		{DC54CFD4-E7C2-FA1F-597B-8CA42ED7708A}.Release|Any CPU.Build.0 = Release|Any CPU
		{319E903D-38C1-7FBC-1131-C84C388491B6}.Debug|Any CPU.ActiveCfg = Debug|Any CPU
		{319E903D-38C1-7FBC-1131-C84C388491B6}.Debug|Any CPU.Build.0 = Debug|Any CPU
		{319E903D-38C1-7FBC-1131-C84C388491B6}.Release|Any CPU.ActiveCfg = Release|Any CPU
		{319E903D-38C1-7FBC-1131-C84C388491B6}.Release|Any CPU.Build.0 = Release|Any CPU
	EndGlobalSection
	GlobalSection(SolutionProperties) = preSolution
		HideSolutionNode = FALSE
	EndGlobalSection
EndGlobal
